
Microsoft Visual Studio Solution File, Format Version 12.00
# Visual Studio Version 16
VisualStudioVersion = 16.0.30011.22
MinimumVisualStudioVersion = 10.0.40219.1
Project("{FAE04EC0-301F-11D3-BF4B-00C04F79EFBC}") = "WingtipToys", "WingtipToys\WingtipToys.csproj", "{1B2018E4-C42E-4FCA-AC17-01B8C722BC7F}"
EndProject
Project("{FAE04EC0-301F-11D3-BF4B-00C04F79EFBC}") = "UnitTestProject", "UnitTestProject\UnitTestProject.csproj", "{1E86E6E5-DB79-4A88-8A0E-335808DCD038}"
EndProject
Global
	GlobalSection(SolutionConfigurationPlatforms) = preSolution
		Debug|Any CPU = Debug|Any CPU
		Release|Any CPU = Release|Any CPU
	EndGlobalSection
	GlobalSection(ProjectConfigurationPlatforms) = postSolution
		{1B2018E4-C42E-4FCA-AC17-01B8C722BC7F}.Debug|Any CPU.ActiveCfg = Debug|Any CPU
		{1B2018E4-C42E-4FCA-AC17-01B8C722BC7F}.Debug|Any CPU.Build.0 = Debug|Any CPU
		{1B2018E4-C42E-4FCA-AC17-01B8C722BC7F}.Release|Any CPU.ActiveCfg = Release|Any CPU
		{1B2018E4-C42E-4FCA-AC17-01B8C722BC7F}.Release|Any CPU.Build.0 = Release|Any CPU
		{1E86E6E5-DB79-4A88-8A0E-335808DCD038}.Debug|Any CPU.ActiveCfg = Debug|Any CPU
		{1E86E6E5-DB79-4A88-8A0E-335808DCD038}.Debug|Any CPU.Build.0 = Debug|Any CPU
		{1E86E6E5-DB79-4A88-8A0E-335808DCD038}.Release|Any CPU.ActiveCfg = Release|Any CPU
		{1E86E6E5-DB79-4A88-8A0E-335808DCD038}.Release|Any CPU.Build.0 = Release|Any CPU
	EndGlobalSection
	GlobalSection(SolutionProperties) = preSolution
		HideSolutionNode = FALSE
	EndGlobalSection
	GlobalSection(ExtensibilityGlobals) = postSolution
		SolutionGuid = {2D443D6C-14BA-43AF-925A-38CE94399004}
	EndGlobalSection
EndGlobal
